
Microsoft Visual Studio Solution File, Format Version 12.00
# Visual Studio Version 17
VisualStudioVersion = 17.2.32616.157
MinimumVisualStudioVersion = 10.0.40219.1
Project("{9A19103F-16F7-4668-BE54-9A1E7A4F7556}") = "CRMEDU.Domain", "CRMEDU.Domain\CRMEDU.Domain.csproj", "{8CA086AA-8717-4893-AEF0-D06B09A10763}"
EndProject
Project("{9A19103F-16F7-4668-BE54-9A1E7A4F7556}") = "CRMEDU.Desktop", "CRMEDU.Desktop\CRMEDU.Desktop.csproj", "{5ADFF8E9-81FC-44FF-BE14-82A6CF4EB87B}"
EndProject
Project("{9A19103F-16F7-4668-BE54-9A1E7A4F7556}") = "CRMEDU.Service", "CRMEDU.Service\CRMEDU.Service.csproj", "{83A6A7F0-05A8-49F6-B1E4-35497533C5BF}"
EndProject
Project("{9A19103F-16F7-4668-BE54-9A1E7A4F7556}") = "CRMEDU.Data", "CRMEDU.Data\CRMEDU.Data.csproj", "{F2F0AEEF-270B-4FB0-BD57-929A646FCEC3}"
EndProject
Project("{9A19103F-16F7-4668-BE54-9A1E7A4F7556}") = "CRMEDU.Test", "CRMEDU.Test\CRMEDU.Test.csproj", "{FE574A79-B2F8-4A41-AC9C-05BCC15FC010}"
EndProject
Global
	GlobalSection(SolutionConfigurationPlatforms) = preSolution
		Debug|Any CPU = Debug|Any CPU
		Release|Any CPU = Release|Any CPU
	EndGlobalSection
	GlobalSection(ProjectConfigurationPlatforms) = postSolution
		{8CA086AA-8717-4893-AEF0-D06B09A10763}.Debug|Any CPU.ActiveCfg = Debug|Any CPU
		{8CA086AA-8717-4893-AEF0-D06B09A10763}.Debug|Any CPU.Build.0 = Debug|Any CPU
		{8CA086AA-8717-4893-AEF0-D06B09A10763}.Release|Any CPU.ActiveCfg = Release|Any CPU
		{8CA086AA-8717-4893-AEF0-D06B09A10763}.Release|Any CPU.Build.0 = Release|Any CPU
		{5ADFF8E9-81FC-44FF-BE14-82A6CF4EB87B}.Debug|Any CPU.ActiveCfg = Debug|Any CPU
		{5ADFF8E9-81FC-44FF-BE14-82A6CF4EB87B}.Debug|Any CPU.Build.0 = Debug|Any CPU
		{5ADFF8E9-81FC-44FF-BE14-82A6CF4EB87B}.Release|Any CPU.ActiveCfg = Release|Any CPU
		{5ADFF8E9-81FC-44FF-BE14-82A6CF4EB87B}.Release|Any CPU.Build.0 = Release|Any CPU
		{83A6A7F0-05A8-49F6-B1E4-35497533C5BF}.Debug|Any CPU.ActiveCfg = Debug|Any CPU
		{83A6A7F0-05A8-49F6-B1E4-35497533C5BF}.Debug|Any CPU.Build.0 = Debug|Any CPU
		{83A6A7F0-05A8-49F6-B1E4-35497533C5BF}.Release|Any CPU.ActiveCfg = Release|Any CPU
		{83A6A7F0-05A8-49F6-B1E4-35497533C5BF}.Release|Any CPU.Build.0 = Release|Any CPU
		{F2F0AEEF-270B-4FB0-BD57-929A646FCEC3}.Debug|Any CPU.ActiveCfg = Debug|Any CPU
		{F2F0AEEF-270B-4FB0-BD57-929A646FCEC3}.Debug|Any CPU.Build.0 = Debug|Any CPU
		{F2F0AEEF-270B-4FB0-BD57-929A646FCEC3}.Release|Any CPU.ActiveCfg = Release|Any CPU
		{F2F0AEEF-270B-4FB0-BD57-929A646FCEC3}.Release|Any CPU.Build.0 = Release|Any CPU
		{FE574A79-B2F8-4A41-AC9C-05BCC15FC010}.Debug|Any CPU.ActiveCfg = Debug|Any CPU
		{FE574A79-B2F8-4A41-AC9C-05BCC15FC010}.Debug|Any CPU.Build.0 = Debug|Any CPU
		{FE574A79-B2F8-4A41-AC9C-05BCC15FC010}.Release|Any CPU.ActiveCfg = Release|Any CPU
		{FE574A79-B2F8-4A41-AC9C-05BCC15FC010}.Release|Any CPU.Build.0 = Release|Any CPU
	EndGlobalSection
	GlobalSection(SolutionProperties) = preSolution
		HideSolutionNode = FALSE
	EndGlobalSection
	GlobalSection(ExtensibilityGlobals) = postSolution
		SolutionGuid = {97A69EC5-76DD-41D3-B743-85964AFF8F2C}
	EndGlobalSection
EndGlobal
